// !$*UTF8*$!
{
	archiveVersion = 1;
	classes = {
	};
	objectVersion = 46;
	objects = {

/* Begin PBXBuildFile section */
		FC0285E2138319EF0074189C /* CustomCellBackground.m in Sources */ = {isa = PBXBuildFile; fileRef = FC0285E1138319EF0074189C /* CustomCellBackground.m */; };
		FC27DA1413EA65110089B09D /* Kal.bundle in Resources */ = {isa = PBXBuildFile; fileRef = FC27DA1313EA65110089B09D /* Kal.bundle */; };
		FC27DA1B13EA6DA10089B09D /* EventViewCell.m in Sources */ = {isa = PBXBuildFile; fileRef = FC27DA1813EA6DA10089B09D /* EventViewCell.m */; };
		FC27DA1C13EA6DA10089B09D /* EventViewCell.xib in Resources */ = {isa = PBXBuildFile; fileRef = FC27DA1A13EA6DA10089B09D /* EventViewCell.xib */; };
		FC27DA1E13EA6F2F0089B09D /* icon_purple_dot.gif in Resources */ = {isa = PBXBuildFile; fileRef = FC27DA1D13EA6F2F0089B09D /* icon_purple_dot.gif */; };
		FC3CCE8813EA57400097C050 /* CalendarDataSource.m in Sources */ = {isa = PBXBuildFile; fileRef = FC3CCE8713EA57400097C050 /* CalendarDataSource.m */; };
		FC3CCE8C13EA59670097C050 /* CTTimeObject.m in Sources */ = {isa = PBXBuildFile; fileRef = FC3CCE8B13EA59670097C050 /* CTTimeObject.m */; };
		FC3CCE9E13EA5EFC0097C050 /* libKal.a in Frameworks */ = {isa = PBXBuildFile; fileRef = FC3CCE9D13EA5E430097C050 /* libKal.a */; };
		FC9D4A0D13307EDA00B29EB3 /* MyRequest.m in Sources */ = {isa = PBXBuildFile; fileRef = FC9D4A0C13307EDA00B29EB3 /* MyRequest.m */; };
		FC9D4A1E13307F9300B29EB3 /* NSObject+SBJSON.m in Sources */ = {isa = PBXBuildFile; fileRef = FC9D4A1313307F9300B29EB3 /* NSObject+SBJSON.m */; };
		FC9D4A1F13307F9300B29EB3 /* NSString+SBJSON.m in Sources */ = {isa = PBXBuildFile; fileRef = FC9D4A1513307F9300B29EB3 /* NSString+SBJSON.m */; };
		FC9D4A2013307F9300B29EB3 /* SBJSON.m in Sources */ = {isa = PBXBuildFile; fileRef = FC9D4A1713307F9300B29EB3 /* SBJSON.m */; };
		FC9D4A2113307F9300B29EB3 /* SBJsonBase.m in Sources */ = {isa = PBXBuildFile; fileRef = FC9D4A1913307F9300B29EB3 /* SBJsonBase.m */; };
		FC9D4A2213307F9300B29EB3 /* SBJsonParser.m in Sources */ = {isa = PBXBuildFile; fileRef = FC9D4A1B13307F9300B29EB3 /* SBJsonParser.m */; };
		FC9D4A2313307F9300B29EB3 /* SBJsonWriter.m in Sources */ = {isa = PBXBuildFile; fileRef = FC9D4A1D13307F9300B29EB3 /* SBJsonWriter.m */; };
		FCD13B3413D8E062001CC5C3 /* lock.png in Resources */ = {isa = PBXBuildFile; fileRef = FCD13B3313D8E062001CC5C3 /* lock.png */; };
		FCDFEF1013CAE35B006D58C4 /* CanvasSubmissionViewController.m in Sources */ = {isa = PBXBuildFile; fileRef = FCDFEF0E13CAE35A006D58C4 /* CanvasSubmissionViewController.m */; };
		FCDFEF1113CAE35B006D58C4 /* CanvasSubmissionViewController.xib in Resources */ = {isa = PBXBuildFile; fileRef = FCDFEF0F13CAE35A006D58C4 /* CanvasSubmissionViewController.xib */; };
		FCE2A03313AA777F007AF48F /* CanvasOptionsView.m in Sources */ = {isa = PBXBuildFile; fileRef = FCE2A03113AA777F007AF48F /* CanvasOptionsView.m */; };
		FCE2A03413AA777F007AF48F /* CanvasOptionsView.xib in Resources */ = {isa = PBXBuildFile; fileRef = FCE2A03213AA777F007AF48F /* CanvasOptionsView.xib */; };
		FCEF801F132F0E4800D3DA2E /* UIKit.framework in Frameworks */ = {isa = PBXBuildFile; fileRef = FCEF801E132F0E4800D3DA2E /* UIKit.framework */; };
		FCEF8021132F0E4800D3DA2E /* Foundation.framework in Frameworks */ = {isa = PBXBuildFile; fileRef = FCEF8020132F0E4800D3DA2E /* Foundation.framework */; };
		FCEF8023132F0E4800D3DA2E /* CoreGraphics.framework in Frameworks */ = {isa = PBXBuildFile; fileRef = FCEF8022132F0E4800D3DA2E /* CoreGraphics.framework */; };
		FCEF8029132F0E4800D3DA2E /* InfoPlist.strings in Resources */ = {isa = PBXBuildFile; fileRef = FCEF8027132F0E4800D3DA2E /* InfoPlist.strings */; };
		FCEF802C132F0E4800D3DA2E /* main.m in Sources */ = {isa = PBXBuildFile; fileRef = FCEF802B132F0E4800D3DA2E /* main.m */; };
		FCEF802F132F0E4800D3DA2E /* CanvasAppAppDelegate.m in Sources */ = {isa = PBXBuildFile; fileRef = FCEF802E132F0E4800D3DA2E /* CanvasAppAppDelegate.m */; };
		FCEF8032132F0E4800D3DA2E /* MainWindow.xib in Resources */ = {isa = PBXBuildFile; fileRef = FCEF8030132F0E4800D3DA2E /* MainWindow.xib */; };
		FCEF8035132F0E4800D3DA2E /* CanvasAppViewController.m in Sources */ = {isa = PBXBuildFile; fileRef = FCEF8034132F0E4800D3DA2E /* CanvasAppViewController.m */; };
		FCEF8038132F0E4800D3DA2E /* CanvasAppViewController.xib in Resources */ = {isa = PBXBuildFile; fileRef = FCEF8036132F0E4800D3DA2E /* CanvasAppViewController.xib */; };
		FCEF805E132F163500D3DA2E /* CTLoginViewController.m in Sources */ = {isa = PBXBuildFile; fileRef = FCEF805C132F163500D3DA2E /* CTLoginViewController.m */; };
		FCEF805F132F163500D3DA2E /* CTLoginViewController.xib in Resources */ = {isa = PBXBuildFile; fileRef = FCEF805D132F163500D3DA2E /* CTLoginViewController.xib */; };
		FCEF8061132F188000D3DA2E /* QuartzCore.framework in Frameworks */ = {isa = PBXBuildFile; fileRef = FCEF8060132F188000D3DA2E /* QuartzCore.framework */; };
		FCFAEED713E61E9B001372F3 /* icon.png in Resources */ = {isa = PBXBuildFile; fileRef = FCFAEED613E61E9B001372F3 /* icon.png */; };
		FCFE1DD413995B1700D28E39 /* CanvasCourseViewController.m in Sources */ = {isa = PBXBuildFile; fileRef = FCFE1DD213995B1700D28E39 /* CanvasCourseViewController.m */; };
		FCFE1DD513995B1700D28E39 /* CanvasCourseViewController.xib in Resources */ = {isa = PBXBuildFile; fileRef = FCFE1DD313995B1700D28E39 /* CanvasCourseViewController.xib */; };
		FCFE1DFE1399640300D28E39 /* LPViewController.m in Sources */ = {isa = PBXBuildFile; fileRef = FCFE1DF81399640300D28E39 /* LPViewController.m */; };
		FCFE1DFF1399640300D28E39 /* LPViewController.xib in Resources */ = {isa = PBXBuildFile; fileRef = FCFE1DF91399640300D28E39 /* LPViewController.xib */; };
		FCFE1E001399640300D28E39 /* KHBadge.m in Sources */ = {isa = PBXBuildFile; fileRef = FCFE1DFB1399640300D28E39 /* KHBadge.m */; };
		FCFE1E011399640300D28E39 /* LPButton.m in Sources */ = {isa = PBXBuildFile; fileRef = FCFE1DFD1399640300D28E39 /* LPButton.m */; };
		FCFE1E041399660800D28E39 /* view.png in Resources */ = {isa = PBXBuildFile; fileRef = FCFE1E031399660800D28E39 /* view.png */; };
/* End PBXBuildFile section */

/* Begin PBXContainerItemProxy section */
		FC3CCE9C13EA5E430097C050 /* PBXContainerItemProxy */ = {
			isa = PBXContainerItemProxy;
			containerPortal = FC3CCE9513EA5E430097C050 /* Kal.xcodeproj */;
			proxyType = 2;
			remoteGlobalIDString = D2AAC07E0554694100DB518D;
			remoteInfo = Kal;
		};
/* End PBXContainerItemProxy section */

/* Begin PBXFileReference section */
		FC0285E0138319EF0074189C /* CustomCellBackground.h */ = {isa = PBXFileReference; fileEncoding = 4; lastKnownFileType = sourcecode.c.h; path = CustomCellBackground.h; sourceTree = "<group>"; };
		FC0285E1138319EF0074189C /* CustomCellBackground.m */ = {isa = PBXFileReference; fileEncoding = 4; lastKnownFileType = sourcecode.c.objc; path = CustomCellBackground.m; sourceTree = "<group>"; };
		FC27DA1313EA65110089B09D /* Kal.bundle */ = {isa = PBXFileReference; lastKnownFileType = "wrapper.plug-in"; name = Kal.bundle; path = "../../../../../Downloads/klazuka-Kal-b2e164c-1/src/Kal.bundle"; sourceTree = "<group>"; };
		FC27DA1813EA6DA10089B09D /* EventViewCell.m */ = {isa = PBXFileReference; fileEncoding = 4; lastKnownFileType = sourcecode.c.objc; path = EventViewCell.m; sourceTree = "<group>"; };
		FC27DA1913EA6DA10089B09D /* EventViewCell.h */ = {isa = PBXFileReference; fileEncoding = 4; lastKnownFileType = sourcecode.c.h; path = EventViewCell.h; sourceTree = "<group>"; };
		FC27DA1A13EA6DA10089B09D /* EventViewCell.xib */ = {isa = PBXFileReference; fileEncoding = 4; lastKnownFileType = file.xib; path = EventViewCell.xib; sourceTree = "<group>"; };
		FC27DA1D13EA6F2F0089B09D /* icon_purple_dot.gif */ = {isa = PBXFileReference; lastKnownFileType = image.gif; path = icon_purple_dot.gif; sourceTree = "<group>"; };
		FC3CCE8613EA57400097C050 /* CalendarDataSource.h */ = {isa = PBXFileReference; fileEncoding = 4; lastKnownFileType = sourcecode.c.h; path = CalendarDataSource.h; sourceTree = "<group>"; };
		FC3CCE8713EA57400097C050 /* CalendarDataSource.m */ = {isa = PBXFileReference; fileEncoding = 4; lastKnownFileType = sourcecode.c.objc; path = CalendarDataSource.m; sourceTree = "<group>"; };
		FC3CCE8A13EA59670097C050 /* CTTimeObject.h */ = {isa = PBXFileReference; fileEncoding = 4; lastKnownFileType = sourcecode.c.h; path = CTTimeObject.h; sourceTree = "<group>"; };
		FC3CCE8B13EA59670097C050 /* CTTimeObject.m */ = {isa = PBXFileReference; fileEncoding = 4; lastKnownFileType = sourcecode.c.objc; path = CTTimeObject.m; sourceTree = "<group>"; };
		FC3CCE9513EA5E430097C050 /* Kal.xcodeproj */ = {isa = PBXFileReference; lastKnownFileType = "wrapper.pb-project"; name = Kal.xcodeproj; path = "../../../../Downloads/klazuka-Kal-b2e164c-1/src/Kal.xcodeproj"; sourceTree = "<group>"; };
		FC9D4A0C13307EDA00B29EB3 /* MyRequest.m */ = {isa = PBXFileReference; fileEncoding = 4; lastKnownFileType = sourcecode.c.objc; path = MyRequest.m; sourceTree = "<group>"; };
		FC9D4A0F13307EE300B29EB3 /* MyRequest.h */ = {isa = PBXFileReference; fileEncoding = 4; lastKnownFileType = sourcecode.c.h; path = MyRequest.h; sourceTree = "<group>"; };
		FC9D4A1113307F9300B29EB3 /* JSON.h */ = {isa = PBXFileReference; fileEncoding = 4; lastKnownFileType = sourcecode.c.h; path = JSON.h; sourceTree = "<group>"; };
		FC9D4A1213307F9300B29EB3 /* NSObject+SBJSON.h */ = {isa = PBXFileReference; fileEncoding = 4; lastKnownFileType = sourcecode.c.h; path = "NSObject+SBJSON.h"; sourceTree = "<group>"; };
		FC9D4A1313307F9300B29EB3 /* NSObject+SBJSON.m */ = {isa = PBXFileReference; fileEncoding = 4; lastKnownFileType = sourcecode.c.objc; path = "NSObject+SBJSON.m"; sourceTree = "<group>"; };
		FC9D4A1413307F9300B29EB3 /* NSString+SBJSON.h */ = {isa = PBXFileReference; fileEncoding = 4; lastKnownFileType = sourcecode.c.h; path = "NSString+SBJSON.h"; sourceTree = "<group>"; };
		FC9D4A1513307F9300B29EB3 /* NSString+SBJSON.m */ = {isa = PBXFileReference; fileEncoding = 4; lastKnownFileType = sourcecode.c.objc; path = "NSString+SBJSON.m"; sourceTree = "<group>"; };
		FC9D4A1613307F9300B29EB3 /* SBJSON.h */ = {isa = PBXFileReference; fileEncoding = 4; lastKnownFileType = sourcecode.c.h; path = SBJSON.h; sourceTree = "<group>"; };
		FC9D4A1713307F9300B29EB3 /* SBJSON.m */ = {isa = PBXFileReference; fileEncoding = 4; lastKnownFileType = sourcecode.c.objc; path = SBJSON.m; sourceTree = "<group>"; };
		FC9D4A1813307F9300B29EB3 /* SBJsonBase.h */ = {isa = PBXFileReference; fileEncoding = 4; lastKnownFileType = sourcecode.c.h; path = SBJsonBase.h; sourceTree = "<group>"; };
		FC9D4A1913307F9300B29EB3 /* SBJsonBase.m */ = {isa = PBXFileReference; fileEncoding = 4; lastKnownFileType = sourcecode.c.objc; path = SBJsonBase.m; sourceTree = "<group>"; };
		FC9D4A1A13307F9300B29EB3 /* SBJsonParser.h */ = {isa = PBXFileReference; fileEncoding = 4; lastKnownFileType = sourcecode.c.h; path = SBJsonParser.h; sourceTree = "<group>"; };
		FC9D4A1B13307F9300B29EB3 /* SBJsonParser.m */ = {isa = PBXFileReference; fileEncoding = 4; lastKnownFileType = sourcecode.c.objc; path = SBJsonParser.m; sourceTree = "<group>"; };
		FC9D4A1C13307F9300B29EB3 /* SBJsonWriter.h */ = {isa = PBXFileReference; fileEncoding = 4; lastKnownFileType = sourcecode.c.h; path = SBJsonWriter.h; sourceTree = "<group>"; };
		FC9D4A1D13307F9300B29EB3 /* SBJsonWriter.m */ = {isa = PBXFileReference; fileEncoding = 4; lastKnownFileType = sourcecode.c.objc; path = SBJsonWriter.m; sourceTree = "<group>"; };
		FCD13B3313D8E062001CC5C3 /* lock.png */ = {isa = PBXFileReference; lastKnownFileType = image.png; path = lock.png; sourceTree = "<group>"; };
		FCDFEF0D13CAE35A006D58C4 /* CanvasSubmissionViewController.h */ = {isa = PBXFileReference; fileEncoding = 4; lastKnownFileType = sourcecode.c.h; path = CanvasSubmissionViewController.h; sourceTree = "<group>"; };
		FCDFEF0E13CAE35A006D58C4 /* CanvasSubmissionViewController.m */ = {isa = PBXFileReference; fileEncoding = 4; lastKnownFileType = sourcecode.c.objc; path = CanvasSubmissionViewController.m; sourceTree = "<group>"; };
		FCDFEF0F13CAE35A006D58C4 /* CanvasSubmissionViewController.xib */ = {isa = PBXFileReference; fileEncoding = 4; lastKnownFileType = file.xib; path = CanvasSubmissionViewController.xib; sourceTree = "<group>"; };
		FCE2A03013AA777F007AF48F /* CanvasOptionsView.h */ = {isa = PBXFileReference; fileEncoding = 4; lastKnownFileType = sourcecode.c.h; path = CanvasOptionsView.h; sourceTree = "<group>"; };
		FCE2A03113AA777F007AF48F /* CanvasOptionsView.m */ = {isa = PBXFileReference; fileEncoding = 4; lastKnownFileType = sourcecode.c.objc; path = CanvasOptionsView.m; sourceTree = "<group>"; };
		FCE2A03213AA777F007AF48F /* CanvasOptionsView.xib */ = {isa = PBXFileReference; fileEncoding = 4; lastKnownFileType = file.xib; path = CanvasOptionsView.xib; sourceTree = "<group>"; };
		FCEF801A132F0E4800D3DA2E /* CanvasApp.app */ = {isa = PBXFileReference; explicitFileType = wrapper.application; includeInIndex = 0; path = CanvasApp.app; sourceTree = BUILT_PRODUCTS_DIR; };
		FCEF801E132F0E4800D3DA2E /* UIKit.framework */ = {isa = PBXFileReference; lastKnownFileType = wrapper.framework; name = UIKit.framework; path = System/Library/Frameworks/UIKit.framework; sourceTree = SDKROOT; };
		FCEF8020132F0E4800D3DA2E /* Foundation.framework */ = {isa = PBXFileReference; lastKnownFileType = wrapper.framework; name = Foundation.framework; path = System/Library/Frameworks/Foundation.framework; sourceTree = SDKROOT; };
		FCEF8022132F0E4800D3DA2E /* CoreGraphics.framework */ = {isa = PBXFileReference; lastKnownFileType = wrapper.framework; name = CoreGraphics.framework; path = System/Library/Frameworks/CoreGraphics.framework; sourceTree = SDKROOT; };
		FCEF8026132F0E4800D3DA2E /* CanvasApp-Info.plist */ = {isa = PBXFileReference; lastKnownFileType = text.plist.xml; path = "CanvasApp-Info.plist"; sourceTree = "<group>"; };
		FCEF8028132F0E4800D3DA2E /* en */ = {isa = PBXFileReference; lastKnownFileType = text.plist.strings; name = en; path = en.lproj/InfoPlist.strings; sourceTree = "<group>"; };
		FCEF802A132F0E4800D3DA2E /* CanvasApp-Prefix.pch */ = {isa = PBXFileReference; lastKnownFileType = sourcecode.c.h; path = "CanvasApp-Prefix.pch"; sourceTree = "<group>"; };
		FCEF802B132F0E4800D3DA2E /* main.m */ = {isa = PBXFileReference; lastKnownFileType = sourcecode.c.objc; path = main.m; sourceTree = "<group>"; };
		FCEF802D132F0E4800D3DA2E /* CanvasAppAppDelegate.h */ = {isa = PBXFileReference; lastKnownFileType = sourcecode.c.h; path = CanvasAppAppDelegate.h; sourceTree = "<group>"; };
		FCEF802E132F0E4800D3DA2E /* CanvasAppAppDelegate.m */ = {isa = PBXFileReference; lastKnownFileType = sourcecode.c.objc; path = CanvasAppAppDelegate.m; sourceTree = "<group>"; };
		FCEF8031132F0E4800D3DA2E /* en */ = {isa = PBXFileReference; lastKnownFileType = file.xib; name = en; path = en.lproj/MainWindow.xib; sourceTree = "<group>"; };
		FCEF8033132F0E4800D3DA2E /* CanvasAppViewController.h */ = {isa = PBXFileReference; lastKnownFileType = sourcecode.c.h; path = CanvasAppViewController.h; sourceTree = "<group>"; };
		FCEF8034132F0E4800D3DA2E /* CanvasAppViewController.m */ = {isa = PBXFileReference; lastKnownFileType = sourcecode.c.objc; path = CanvasAppViewController.m; sourceTree = "<group>"; };
		FCEF8037132F0E4800D3DA2E /* en */ = {isa = PBXFileReference; lastKnownFileType = file.xib; name = en; path = en.lproj/CanvasAppViewController.xib; sourceTree = "<group>"; };
		FCEF805B132F163500D3DA2E /* CTLoginViewController.h */ = {isa = PBXFileReference; fileEncoding = 4; lastKnownFileType = sourcecode.c.h; path = CTLoginViewController.h; sourceTree = "<group>"; };
		FCEF805C132F163500D3DA2E /* CTLoginViewController.m */ = {isa = PBXFileReference; fileEncoding = 4; lastKnownFileType = sourcecode.c.objc; path = CTLoginViewController.m; sourceTree = "<group>"; };
		FCEF805D132F163500D3DA2E /* CTLoginViewController.xib */ = {isa = PBXFileReference; fileEncoding = 4; lastKnownFileType = file.xib; path = CTLoginViewController.xib; sourceTree = "<group>"; };
		FCEF8060132F188000D3DA2E /* QuartzCore.framework */ = {isa = PBXFileReference; lastKnownFileType = wrapper.framework; name = QuartzCore.framework; path = System/Library/Frameworks/QuartzCore.framework; sourceTree = SDKROOT; };
		FCFAEED613E61E9B001372F3 /* icon.png */ = {isa = PBXFileReference; lastKnownFileType = image.png; path = icon.png; sourceTree = "<group>"; };
		FCFE1DD113995B1700D28E39 /* CanvasCourseViewController.h */ = {isa = PBXFileReference; fileEncoding = 4; lastKnownFileType = sourcecode.c.h; path = CanvasCourseViewController.h; sourceTree = "<group>"; };
		FCFE1DD213995B1700D28E39 /* CanvasCourseViewController.m */ = {isa = PBXFileReference; fileEncoding = 4; lastKnownFileType = sourcecode.c.objc; path = CanvasCourseViewController.m; sourceTree = "<group>"; };
		FCFE1DD313995B1700D28E39 /* CanvasCourseViewController.xib */ = {isa = PBXFileReference; fileEncoding = 4; lastKnownFileType = file.xib; path = CanvasCourseViewController.xib; sourceTree = "<group>"; };
		FCFE1DF71399640300D28E39 /* LPViewController.h */ = {isa = PBXFileReference; fileEncoding = 4; lastKnownFileType = sourcecode.c.h; path = LPViewController.h; sourceTree = "<group>"; };
		FCFE1DF81399640300D28E39 /* LPViewController.m */ = {isa = PBXFileReference; fileEncoding = 4; lastKnownFileType = sourcecode.c.objc; path = LPViewController.m; sourceTree = "<group>"; };
		FCFE1DF91399640300D28E39 /* LPViewController.xib */ = {isa = PBXFileReference; fileEncoding = 4; lastKnownFileType = file.xib; path = LPViewController.xib; sourceTree = "<group>"; };
		FCFE1DFA1399640300D28E39 /* KHBadge.h */ = {isa = PBXFileReference; fileEncoding = 4; lastKnownFileType = sourcecode.c.h; path = KHBadge.h; sourceTree = "<group>"; };
		FCFE1DFB1399640300D28E39 /* KHBadge.m */ = {isa = PBXFileReference; fileEncoding = 4; lastKnownFileType = sourcecode.c.objc; path = KHBadge.m; sourceTree = "<group>"; };
		FCFE1DFC1399640300D28E39 /* LPButton.h */ = {isa = PBXFileReference; fileEncoding = 4; lastKnownFileType = sourcecode.c.h; path = LPButton.h; sourceTree = "<group>"; };
		FCFE1DFD1399640300D28E39 /* LPButton.m */ = {isa = PBXFileReference; fileEncoding = 4; lastKnownFileType = sourcecode.c.objc; path = LPButton.m; sourceTree = "<group>"; };
		FCFE1E031399660800D28E39 /* view.png */ = {isa = PBXFileReference; lastKnownFileType = image.png; path = view.png; sourceTree = "<group>"; };
/* End PBXFileReference section */

/* Begin PBXFrameworksBuildPhase section */
		FCEF8017132F0E4800D3DA2E /* Frameworks */ = {
			isa = PBXFrameworksBuildPhase;
			buildActionMask = 2147483647;
			files = (
				FC3CCE9E13EA5EFC0097C050 /* libKal.a in Frameworks */,
				FCEF8061132F188000D3DA2E /* QuartzCore.framework in Frameworks */,
				FCEF801F132F0E4800D3DA2E /* UIKit.framework in Frameworks */,
				FCEF8021132F0E4800D3DA2E /* Foundation.framework in Frameworks */,
				FCEF8023132F0E4800D3DA2E /* CoreGraphics.framework in Frameworks */,
			);
			runOnlyForDeploymentPostprocessing = 0;
		};
/* End PBXFrameworksBuildPhase section */

/* Begin PBXGroup section */
		FC3CCE8913EA57590097C050 /* Calendar */ = {
			isa = PBXGroup;
			children = (
				FC27DA1313EA65110089B09D /* Kal.bundle */,
				FC27DA1813EA6DA10089B09D /* EventViewCell.m */,
				FC27DA1913EA6DA10089B09D /* EventViewCell.h */,
				FC27DA1A13EA6DA10089B09D /* EventViewCell.xib */,
				FC3CCE8A13EA59670097C050 /* CTTimeObject.h */,
				FC3CCE8B13EA59670097C050 /* CTTimeObject.m */,
				FC3CCE8613EA57400097C050 /* CalendarDataSource.h */,
				FC3CCE8713EA57400097C050 /* CalendarDataSource.m */,
			);
			name = Calendar;
			sourceTree = "<group>";
		};
		FC3CCE9613EA5E430097C050 /* Products */ = {
			isa = PBXGroup;
			children = (
				FC3CCE9D13EA5E430097C050 /* libKal.a */,
			);
			name = Products;
			sourceTree = "<group>";
		};
		FC9D4A1013307F9300B29EB3 /* JSON */ = {
			isa = PBXGroup;
			children = (
				FC9D4A1113307F9300B29EB3 /* JSON.h */,
				FC9D4A1213307F9300B29EB3 /* NSObject+SBJSON.h */,
				FC9D4A1313307F9300B29EB3 /* NSObject+SBJSON.m */,
				FC9D4A1413307F9300B29EB3 /* NSString+SBJSON.h */,
				FC9D4A1513307F9300B29EB3 /* NSString+SBJSON.m */,
				FC9D4A1613307F9300B29EB3 /* SBJSON.h */,
				FC9D4A1713307F9300B29EB3 /* SBJSON.m */,
				FC9D4A1813307F9300B29EB3 /* SBJsonBase.h */,
				FC9D4A1913307F9300B29EB3 /* SBJsonBase.m */,
				FC9D4A1A13307F9300B29EB3 /* SBJsonParser.h */,
				FC9D4A1B13307F9300B29EB3 /* SBJsonParser.m */,
				FC9D4A1C13307F9300B29EB3 /* SBJsonWriter.h */,
				FC9D4A1D13307F9300B29EB3 /* SBJsonWriter.m */,
			);
			path = JSON;
			sourceTree = "<group>";
		};
		FCB0463013EA7C8E00C8A0B9 /* Login */ = {
			isa = PBXGroup;
			children = (
				FCEF805B132F163500D3DA2E /* CTLoginViewController.h */,
				FCEF805C132F163500D3DA2E /* CTLoginViewController.m */,
				FCEF805D132F163500D3DA2E /* CTLoginViewController.xib */,
			);
			name = Login;
			sourceTree = "<group>";
		};
		FCB0463113EA7CB800C8A0B9 /* Main View */ = {
			isa = PBXGroup;
			children = (
				FCEF8033132F0E4800D3DA2E /* CanvasAppViewController.h */,
				FCEF8034132F0E4800D3DA2E /* CanvasAppViewController.m */,
				FCEF8036132F0E4800D3DA2E /* CanvasAppViewController.xib */,
			);
			name = "Main View";
			sourceTree = "<group>";
		};
		FCB0463213EA7CD500C8A0B9 /* Shared */ = {
			isa = PBXGroup;
			children = (
				FC0285E0138319EF0074189C /* CustomCellBackground.h */,
				FC0285E1138319EF0074189C /* CustomCellBackground.m */,
				FC9D4A0F13307EE300B29EB3 /* MyRequest.h */,
				FC9D4A0C13307EDA00B29EB3 /* MyRequest.m */,
			);
			name = Shared;
			sourceTree = "<group>";
		};
		FCB0463313EA7D1300C8A0B9 /* Course View */ = {
			isa = PBXGroup;
			children = (
				FCFE1DD113995B1700D28E39 /* CanvasCourseViewController.h */,
				FCFE1DD213995B1700D28E39 /* CanvasCourseViewController.m */,
				FCFE1DD313995B1700D28E39 /* CanvasCourseViewController.xib */,
			);
			name = "Course View";
			sourceTree = "<group>";
		};
		FCB0463413EA7D5800C8A0B9 /* Submission View */ = {
			isa = PBXGroup;
			children = (
				FCDFEF0D13CAE35A006D58C4 /* CanvasSubmissionViewController.h */,
				FCDFEF0E13CAE35A006D58C4 /* CanvasSubmissionViewController.m */,
				FCDFEF0F13CAE35A006D58C4 /* CanvasSubmissionViewController.xib */,
			);
			name = "Submission View";
			sourceTree = "<group>";
		};
		FCB0463513EA7D8900C8A0B9 /* Assingnment View */ = {
			isa = PBXGroup;
			children = (
				FCE2A03013AA777F007AF48F /* CanvasOptionsView.h */,
				FCE2A03113AA777F007AF48F /* CanvasOptionsView.m */,
				FCE2A03213AA777F007AF48F /* CanvasOptionsView.xib */,
			);
			name = "Assingnment View";
			sourceTree = "<group>";
		};
		FCEF800F132F0E4800D3DA2E = {
			isa = PBXGroup;
			children = (
				FC3CCE9513EA5E430097C050 /* Kal.xcodeproj */,
				FCEF8024132F0E4800D3DA2E /* CanvasApp */,
				FCEF801D132F0E4800D3DA2E /* Frameworks */,
				FCEF801B132F0E4800D3DA2E /* Products */,
			);
			sourceTree = "<group>";
		};
		FCEF801B132F0E4800D3DA2E /* Products */ = {
			isa = PBXGroup;
			children = (
				FCEF801A132F0E4800D3DA2E /* CanvasApp.app */,
			);
			name = Products;
			sourceTree = "<group>";
		};
		FCEF801D132F0E4800D3DA2E /* Frameworks */ = {
			isa = PBXGroup;
			children = (
				FCEF8060132F188000D3DA2E /* QuartzCore.framework */,
				FCEF801E132F0E4800D3DA2E /* UIKit.framework */,
				FCEF8020132F0E4800D3DA2E /* Foundation.framework */,
				FCEF8022132F0E4800D3DA2E /* CoreGraphics.framework */,
			);
			name = Frameworks;
			sourceTree = "<group>";
		};
		FCEF8024132F0E4800D3DA2E /* CanvasApp */ = {
			isa = PBXGroup;
			children = (
				FCEF802D132F0E4800D3DA2E /* CanvasAppAppDelegate.h */,
				FCEF802E132F0E4800D3DA2E /* CanvasAppAppDelegate.m */,
				FCB0463213EA7CD500C8A0B9 /* Shared */,
				FCB0463013EA7C8E00C8A0B9 /* Login */,
				FCB0463113EA7CB800C8A0B9 /* Main View */,
				FCB0463313EA7D1300C8A0B9 /* Course View */,
				FCB0463513EA7D8900C8A0B9 /* Assingnment View */,
				FCB0463413EA7D5800C8A0B9 /* Submission View */,
				FC3CCE8913EA57590097C050 /* Calendar */,
				FC9D4A1013307F9300B29EB3 /* JSON */,
				FCFE1E021399640B00D28E39 /* Launch Pad */,
				FCEF8025132F0E4800D3DA2E /* Supporting Files */,
			);
			path = CanvasApp;
			sourceTree = "<group>";
		};
		FCEF8025132F0E4800D3DA2E /* Supporting Files */ = {
			isa = PBXGroup;
			children = (
				FCEF8030132F0E4800D3DA2E /* MainWindow.xib */,
				FC27DA1D13EA6F2F0089B09D /* icon_purple_dot.gif */,
				FCEF8026132F0E4800D3DA2E /* CanvasApp-Info.plist */,
				FCEF8027132F0E4800D3DA2E /* InfoPlist.strings */,
				FCEF802A132F0E4800D3DA2E /* CanvasApp-Prefix.pch */,
				FCD13B3313D8E062001CC5C3 /* lock.png */,
				FCFAEED613E61E9B001372F3 /* icon.png */,
				FCEF802B132F0E4800D3DA2E /* main.m */,
			);
			name = "Supporting Files";
			sourceTree = "<group>";
		};
		FCFE1E021399640B00D28E39 /* Launch Pad */ = {
			isa = PBXGroup;
			children = (
				FCFE1E031399660800D28E39 /* view.png */,
				FCFE1DF71399640300D28E39 /* LPViewController.h */,
				FCFE1DF81399640300D28E39 /* LPViewController.m */,
				FCFE1DF91399640300D28E39 /* LPViewController.xib */,
				FCFE1DFA1399640300D28E39 /* KHBadge.h */,
				FCFE1DFB1399640300D28E39 /* KHBadge.m */,
				FCFE1DFC1399640300D28E39 /* LPButton.h */,
				FCFE1DFD1399640300D28E39 /* LPButton.m */,
			);
			name = "Launch Pad";
			sourceTree = "<group>";
		};
/* End PBXGroup section */

/* Begin PBXNativeTarget section */
		FCEF8019132F0E4800D3DA2E /* CanvasApp */ = {
			isa = PBXNativeTarget;
			buildConfigurationList = FCEF803B132F0E4800D3DA2E /* Build configuration list for PBXNativeTarget "CanvasApp" */;
			buildPhases = (
				FCEF8016132F0E4800D3DA2E /* Sources */,
				FCEF8017132F0E4800D3DA2E /* Frameworks */,
				FCEF8018132F0E4800D3DA2E /* Resources */,
			);
			buildRules = (
			);
			dependencies = (
			);
			name = CanvasApp;
			productName = CanvasApp;
			productReference = FCEF801A132F0E4800D3DA2E /* CanvasApp.app */;
			productType = "com.apple.product-type.application";
		};
/* End PBXNativeTarget section */

/* Begin PBXProject section */
		FCEF8011132F0E4800D3DA2E /* Project object */ = {
			isa = PBXProject;
			buildConfigurationList = FCEF8014132F0E4800D3DA2E /* Build configuration list for PBXProject "CanvasApp" */;
			compatibilityVersion = "Xcode 3.2";
			developmentRegion = English;
			hasScannedForEncodings = 0;
			knownRegions = (
				en,
			);
			mainGroup = FCEF800F132F0E4800D3DA2E;
			productRefGroup = FCEF801B132F0E4800D3DA2E /* Products */;
			projectDirPath = "";
			projectReferences = (
				{
					ProductGroup = FC3CCE9613EA5E430097C050 /* Products */;
					ProjectRef = FC3CCE9513EA5E430097C050 /* Kal.xcodeproj */;
				},
			);
			projectRoot = "";
			targets = (
				FCEF8019132F0E4800D3DA2E /* CanvasApp */,
			);
		};
/* End PBXProject section */

/* Begin PBXReferenceProxy section */
		FC3CCE9D13EA5E430097C050 /* libKal.a */ = {
			isa = PBXReferenceProxy;
			fileType = archive.ar;
			path = libKal.a;
			remoteRef = FC3CCE9C13EA5E430097C050 /* PBXContainerItemProxy */;
			sourceTree = BUILT_PRODUCTS_DIR;
		};
/* End PBXReferenceProxy section */

/* Begin PBXResourcesBuildPhase section */
		FCEF8018132F0E4800D3DA2E /* Resources */ = {
			isa = PBXResourcesBuildPhase;
			buildActionMask = 2147483647;
			files = (
				FCEF8029132F0E4800D3DA2E /* InfoPlist.strings in Resources */,
				FCEF8032132F0E4800D3DA2E /* MainWindow.xib in Resources */,
				FCEF8038132F0E4800D3DA2E /* CanvasAppViewController.xib in Resources */,
				FCEF805F132F163500D3DA2E /* CTLoginViewController.xib in Resources */,
				FCFE1DD513995B1700D28E39 /* CanvasCourseViewController.xib in Resources */,
				FCFE1DFF1399640300D28E39 /* LPViewController.xib in Resources */,
				FCFE1E041399660800D28E39 /* view.png in Resources */,
				FCE2A03413AA777F007AF48F /* CanvasOptionsView.xib in Resources */,
				FCDFEF1113CAE35B006D58C4 /* CanvasSubmissionViewController.xib in Resources */,
				FCD13B3413D8E062001CC5C3 /* lock.png in Resources */,
				FCFAEED713E61E9B001372F3 /* icon.png in Resources */,
				FC27DA1413EA65110089B09D /* Kal.bundle in Resources */,
				FC27DA1C13EA6DA10089B09D /* EventViewCell.xib in Resources */,
				FC27DA1E13EA6F2F0089B09D /* icon_purple_dot.gif in Resources */,
			);
			runOnlyForDeploymentPostprocessing = 0;
		};
/* End PBXResourcesBuildPhase section */

/* Begin PBXSourcesBuildPhase section */
		FCEF8016132F0E4800D3DA2E /* Sources */ = {
			isa = PBXSourcesBuildPhase;
			buildActionMask = 2147483647;
			files = (
				FCEF802C132F0E4800D3DA2E /* main.m in Sources */,
				FCEF802F132F0E4800D3DA2E /* CanvasAppAppDelegate.m in Sources */,
				FCEF8035132F0E4800D3DA2E /* CanvasAppViewController.m in Sources */,
				FCEF805E132F163500D3DA2E /* CTLoginViewController.m in Sources */,
				FC9D4A0D13307EDA00B29EB3 /* MyRequest.m in Sources */,
				FC9D4A1E13307F9300B29EB3 /* NSObject+SBJSON.m in Sources */,
				FC9D4A1F13307F9300B29EB3 /* NSString+SBJSON.m in Sources */,
				FC9D4A2013307F9300B29EB3 /* SBJSON.m in Sources */,
				FC9D4A2113307F9300B29EB3 /* SBJsonBase.m in Sources */,
				FC9D4A2213307F9300B29EB3 /* SBJsonParser.m in Sources */,
				FC9D4A2313307F9300B29EB3 /* SBJsonWriter.m in Sources */,
				FC0285E2138319EF0074189C /* CustomCellBackground.m in Sources */,
				FCFE1DD413995B1700D28E39 /* CanvasCourseViewController.m in Sources */,
				FCFE1DFE1399640300D28E39 /* LPViewController.m in Sources */,
				FCFE1E001399640300D28E39 /* KHBadge.m in Sources */,
				FCFE1E011399640300D28E39 /* LPButton.m in Sources */,
				FCE2A03313AA777F007AF48F /* CanvasOptionsView.m in Sources */,
				FCDFEF1013CAE35B006D58C4 /* CanvasSubmissionViewController.m in Sources */,
				FC3CCE8813EA57400097C050 /* CalendarDataSource.m in Sources */,
				FC3CCE8C13EA59670097C050 /* CTTimeObject.m in Sources */,
				FC27DA1B13EA6DA10089B09D /* EventViewCell.m in Sources */,
			);
			runOnlyForDeploymentPostprocessing = 0;
		};
/* End PBXSourcesBuildPhase section */

/* Begin PBXVariantGroup section */
		FCEF8027132F0E4800D3DA2E /* InfoPlist.strings */ = {
			isa = PBXVariantGroup;
			children = (
				FCEF8028132F0E4800D3DA2E /* en */,
			);
			name = InfoPlist.strings;
			sourceTree = "<group>";
		};
		FCEF8030132F0E4800D3DA2E /* MainWindow.xib */ = {
			isa = PBXVariantGroup;
			children = (
				FCEF8031132F0E4800D3DA2E /* en */,
			);
			name = MainWindow.xib;
			sourceTree = "<group>";
		};
		FCEF8036132F0E4800D3DA2E /* CanvasAppViewController.xib */ = {
			isa = PBXVariantGroup;
			children = (
				FCEF8037132F0E4800D3DA2E /* en */,
			);
			name = CanvasAppViewController.xib;
			sourceTree = "<group>";
		};
/* End PBXVariantGroup section */

/* Begin XCBuildConfiguration section */
		FCEF8039132F0E4800D3DA2E /* Debug */ = {
			isa = XCBuildConfiguration;
			buildSettings = {
				ARCHS = "$(ARCHS_STANDARD_32_BIT)";
				"CODE_SIGN_IDENTITY[sdk=iphoneos*]" = "iPhone Developer";
				GCC_C_LANGUAGE_STANDARD = gnu99;
				GCC_OPTIMIZATION_LEVEL = 0;
				GCC_PREPROCESSOR_DEFINITIONS = DEBUG;
				GCC_SYMBOLS_PRIVATE_EXTERN = NO;
				GCC_VERSION = com.apple.compilers.llvmgcc42;
				GCC_WARN_ABOUT_RETURN_TYPE = YES;
				GCC_WARN_UNUSED_VARIABLE = YES;
				IPHONEOS_DEPLOYMENT_TARGET = 3.2.2;
				SDKROOT = iphoneos;
			};
			name = Debug;
		};
		FCEF803A132F0E4800D3DA2E /* Release */ = {
			isa = XCBuildConfiguration;
			buildSettings = {
				ARCHS = "$(ARCHS_STANDARD_32_BIT)";
				"CODE_SIGN_IDENTITY[sdk=iphoneos*]" = "iPhone Developer";
				GCC_C_LANGUAGE_STANDARD = gnu99;
				GCC_VERSION = com.apple.compilers.llvmgcc42;
				GCC_WARN_ABOUT_RETURN_TYPE = YES;
				GCC_WARN_UNUSED_VARIABLE = YES;
				IPHONEOS_DEPLOYMENT_TARGET = 3.2.2;
				OTHER_CFLAGS = "-DNS_BLOCK_ASSERTIONS=1";
				SDKROOT = iphoneos;
			};
			name = Release;
		};
		FCEF803C132F0E4800D3DA2E /* Debug */ = {
			isa = XCBuildConfiguration;
			buildSettings = {
				ALWAYS_SEARCH_USER_PATHS = NO;
				COPY_PHASE_STRIP = NO;
				GCC_DYNAMIC_NO_PIC = NO;
				GCC_PRECOMPILE_PREFIX_HEADER = YES;
				GCC_PREFIX_HEADER = "CanvasApp/CanvasApp-Prefix.pch";
				INFOPLIST_FILE = "CanvasApp/CanvasApp-Info.plist";
				"LIBRARY_SEARCH_PATHS[arch=*]" = "/Users/Klint/Downloads/Kal/src/**";
				OTHER_LDFLAGS = "-all_load";
				PRODUCT_NAME = "$(TARGET_NAME)";
				"USER_HEADER_SEARCH_PATHS[arch=*]" = "/Users/Klint/Downloads/Kal/src/**";
				WRAPPER_EXTENSION = app;
			};
			name = Debug;
		};
		FCEF803D132F0E4800D3DA2E /* Release */ = {
			isa = XCBuildConfiguration;
			buildSettings = {
				ALWAYS_SEARCH_USER_PATHS = NO;
				COPY_PHASE_STRIP = YES;
				GCC_PRECOMPILE_PREFIX_HEADER = YES;
				GCC_PREFIX_HEADER = "CanvasApp/CanvasApp-Prefix.pch";
				INFOPLIST_FILE = "CanvasApp/CanvasApp-Info.plist";
				OTHER_LDFLAGS = "-all_load";
				PRODUCT_NAME = "$(TARGET_NAME)";
				VALIDATE_PRODUCT = YES;
				WRAPPER_EXTENSION = app;
			};
			name = Release;
		};
/* End XCBuildConfiguration section */

/* Begin XCConfigurationList section */
		FCEF8014132F0E4800D3DA2E /* Build configuration list for PBXProject "CanvasApp" */ = {
			isa = XCConfigurationList;
			buildConfigurations = (
				FCEF8039132F0E4800D3DA2E /* Debug */,
				FCEF803A132F0E4800D3DA2E /* Release */,
			);
			defaultConfigurationIsVisible = 0;
			defaultConfigurationName = Release;
		};
		FCEF803B132F0E4800D3DA2E /* Build configuration list for PBXNativeTarget "CanvasApp" */ = {
			isa = XCConfigurationList;
			buildConfigurations = (
				FCEF803C132F0E4800D3DA2E /* Debug */,
				FCEF803D132F0E4800D3DA2E /* Release */,
			);
			defaultConfigurationIsVisible = 0;
			defaultConfigurationName = Release;
		};
/* End XCConfigurationList section */
	};
	rootObject = FCEF8011132F0E4800D3DA2E /* Project object */;
}
